
Microsoft Visual Studio Solution File, Format Version 12.00
# Visual Studio 15
VisualStudioVersion = 15.0.28307.329
MinimumVisualStudioVersion = 10.0.40219.1
Project("{9A19103F-16F7-4668-BE54-9A1E7A4F7556}") = "singletonAssignment.Simple", "singletonAssignment.Simple\singletonAssignment.Simple.csproj", "{45BDAF37-FBB5-4F26-B03C-0AA6BF5DDEB8}"
EndProject
Project("{FAE04EC0-301F-11D3-BF4B-00C04F79EFBC}") = "singletonAssignment.ThreadSafe", "singletonAssignment.ThreadSafe\singletonAssignment.ThreadSafe.csproj", "{583F925F-F749-497D-97F4-0C2081BE43BF}"
EndProject
Project("{FAE04EC0-301F-11D3-BF4B-00C04F79EFBC}") = "singletonAssignment.Improved", "singletonAssignment.Improved\singletonAssignment.Improved.csproj", "{1B0793C1-F7F5-4128-B0E2-463F97613FE1}"
EndProject
Global
	GlobalSection(SolutionConfigurationPlatforms) = preSolution
		Debug|Any CPU = Debug|Any CPU
		Release|Any CPU = Release|Any CPU
	EndGlobalSection
	GlobalSection(ProjectConfigurationPlatforms) = postSolution
		{45BDAF37-FBB5-4F26-B03C-0AA6BF5DDEB8}.Debug|Any CPU.ActiveCfg = Debug|Any CPU
		{45BDAF37-FBB5-4F26-B03C-0AA6BF5DDEB8}.Debug|Any CPU.Build.0 = Debug|Any CPU
		{45BDAF37-FBB5-4F26-B03C-0AA6BF5DDEB8}.Release|Any CPU.ActiveCfg = Release|Any CPU
		{45BDAF37-FBB5-4F26-B03C-0AA6BF5DDEB8}.Release|Any CPU.Build.0 = Release|Any CPU
		{583F925F-F749-497D-97F4-0C2081BE43BF}.Debug|Any CPU.ActiveCfg = Debug|Any CPU
		{583F925F-F749-497D-97F4-0C2081BE43BF}.Debug|Any CPU.Build.0 = Debug|Any CPU
		{583F925F-F749-497D-97F4-0C2081BE43BF}.Release|Any CPU.ActiveCfg = Release|Any CPU
		{583F925F-F749-497D-97F4-0C2081BE43BF}.Release|Any CPU.Build.0 = Release|Any CPU
		{1B0793C1-F7F5-4128-B0E2-463F97613FE1}.Debug|Any CPU.ActiveCfg = Debug|Any CPU
		{1B0793C1-F7F5-4128-B0E2-463F97613FE1}.Debug|Any CPU.Build.0 = Debug|Any CPU
		{1B0793C1-F7F5-4128-B0E2-463F97613FE1}.Release|Any CPU.ActiveCfg = Release|Any CPU
		{1B0793C1-F7F5-4128-B0E2-463F97613FE1}.Release|Any CPU.Build.0 = Release|Any CPU
	EndGlobalSection
	GlobalSection(SolutionProperties) = preSolution
		HideSolutionNode = FALSE
	EndGlobalSection
	GlobalSection(ExtensibilityGlobals) = postSolution
		SolutionGuid = {D9E126E1-2F98-4497-915E-705D81778DD3}
	EndGlobalSection
EndGlobal
